// !$*UTF8*$!
{
	archiveVersion = 1;
	classes = {
	};
	objectVersion = 77;
	objects = {

/* Begin PBXBuildFile section */
		36DF2986116EF357ADF0BFB2 /* SourceEditorExtension.swift in Sources */ = {isa = PBXBuildFile; fileRef = 43B77F15412D086BF70077E0 /* SourceEditorExtension.swift */; };
		3DB175657B974824E2DB3403 /* JSPowerCore in Frameworks */ = {isa = PBXBuildFile; productRef = 3A1B6D9087BD00C46F262C8B /* JSPowerCore */; };
		4900F7D68B9C4C863211F359 /* XcodeKit.framework in Frameworks */ = {isa = PBXBuildFile; fileRef = EC851097FA58433B28DA9FC8 /* XcodeKit.framework */; };
		6784DAC70B64AEEACFCEDDE8 /* RecipeWorkbench.swift in Sources */ = {isa = PBXBuildFile; fileRef = 91A54FDE03834ABCAC3E76A2 /* RecipeWorkbench.swift */; };
		88ECE5134737107CEEA4F351 /* JSPowerApp.swift in Sources */ = {isa = PBXBuildFile; fileRef = AB08D621A705D2BFCCE7DB9A /* JSPowerApp.swift */; };
		A8574F72BEFC4441814D18AF /* JSPowerCore in Frameworks */ = {isa = PBXBuildFile; productRef = 9B9936A7A26243F59782E5D4 /* JSPowerCore */; };
		BAB0A8467FFFC011C2DB6FE1 /* SourceEditorCommand.swift in Sources */ = {isa = PBXBuildFile; fileRef = F0A498F6360ABD8B5E1261FD /* SourceEditorCommand.swift */; };
		DBF126206219BC1174CE1732 /* JSPowerExtension.appex in Embed Foundation Extensions */ = {isa = PBXBuildFile; fileRef = 9F91CEE0595DEC983CA34829 /* JSPowerExtension.appex */; settings = {ATTRIBUTES = (RemoveHeadersOnCopy, ); }; };
		E2764BDFD05D6C5549686DF3 /* JSPowerCore in Frameworks */ = {isa = PBXBuildFile; productRef = 8914ED69AD92A9CD88BDEE4F /* JSPowerCore */; };
		FE34F890F8CB646B4A4A88F0 /* JSPowerCoreSmokeTests.swift in Sources */ = {isa = PBXBuildFile; fileRef = 9CC90758B306BFF133C204F9 /* JSPowerCoreSmokeTests.swift */; };
/* End PBXBuildFile section */

/* Begin PBXContainerItemProxy section */
		3A240B8745CD342B32C493DF /* PBXContainerItemProxy */ = {
			isa = PBXContainerItemProxy;
			containerPortal = CF895771B249CF7755888670 /* Project object */;
			proxyType = 1;
			remoteGlobalIDString = E02DD7338AC32245AE39FCF9;
			remoteInfo = JSPowerExtension;
		};
/* End PBXContainerItemProxy section */

/* Begin PBXCopyFilesBuildPhase section */
		B02F83B66FD27BCDD721DFD5 /* Embed Foundation Extensions */ = {
			isa = PBXCopyFilesBuildPhase;
			buildActionMask = 2147483647;
			dstPath = "";
			dstSubfolderSpec = 13;
			files = (
				DBF126206219BC1174CE1732 /* JSPowerExtension.appex in Embed Foundation Extensions */,
			);
			name = "Embed Foundation Extensions";
			runOnlyForDeploymentPostprocessing = 0;
		};
/* End PBXCopyFilesBuildPhase section */

/* Begin PBXFileReference section */
		43B77F15412D086BF70077E0 /* SourceEditorExtension.swift */ = {isa = PBXFileReference; lastKnownFileType = sourcecode.swift; path = SourceEditorExtension.swift; sourceTree = "<group>"; };
		73490A084FC7C02AFC6A2B24 /* Core */ = {isa = PBXFileReference; lastKnownFileType = folder; name = Core; path = Core; sourceTree = SOURCE_ROOT; };
		91A54FDE03834ABCAC3E76A2 /* RecipeWorkbench.swift */ = {isa = PBXFileReference; lastKnownFileType = sourcecode.swift; path = RecipeWorkbench.swift; sourceTree = "<group>"; };
		9CC90758B306BFF133C204F9 /* JSPowerCoreSmokeTests.swift */ = {isa = PBXFileReference; lastKnownFileType = sourcecode.swift; path = JSPowerCoreSmokeTests.swift; sourceTree = "<group>"; };
		9F91CEE0595DEC983CA34829 /* JSPowerExtension.appex */ = {isa = PBXFileReference; explicitFileType = "wrapper.app-extension"; includeInIndex = 0; path = JSPowerExtension.appex; sourceTree = BUILT_PRODUCTS_DIR; };
		A95D21E88F503B7D6A35E79B /* JSPowerCoreTests.xctest */ = {isa = PBXFileReference; explicitFileType = wrapper.cfbundle; includeInIndex = 0; path = JSPowerCoreTests.xctest; sourceTree = BUILT_PRODUCTS_DIR; };
		AB08D621A705D2BFCCE7DB9A /* JSPowerApp.swift */ = {isa = PBXFileReference; lastKnownFileType = sourcecode.swift; path = JSPowerApp.swift; sourceTree = "<group>"; };
		E0F152DC240F825736AC981A /* JSPower.app */ = {isa = PBXFileReference; explicitFileType = wrapper.application; includeInIndex = 0; path = JSPower.app; sourceTree = BUILT_PRODUCTS_DIR; };
		EC851097FA58433B28DA9FC8 /* XcodeKit.framework */ = {isa = PBXFileReference; lastKnownFileType = wrapper.framework; name = XcodeKit.framework; path = "$(DEVELOPER_DIR)/Library/Frameworks/XcodeKit.framework"; sourceTree = "<group>"; };
		F0A498F6360ABD8B5E1261FD /* SourceEditorCommand.swift */ = {isa = PBXFileReference; lastKnownFileType = sourcecode.swift; path = SourceEditorCommand.swift; sourceTree = "<group>"; };
/* End PBXFileReference section */

/* Begin PBXFrameworksBuildPhase section */
		4C8DA69FEB5147A32511363D /* Frameworks */ = {
			isa = PBXFrameworksBuildPhase;
			buildActionMask = 2147483647;
			files = (
				E2764BDFD05D6C5549686DF3 /* JSPowerCore in Frameworks */,
				4900F7D68B9C4C863211F359 /* XcodeKit.framework in Frameworks */,
			);
			runOnlyForDeploymentPostprocessing = 0;
		};
		9ED2345BACF5647B49ACC07E /* Frameworks */ = {
			isa = PBXFrameworksBuildPhase;
			buildActionMask = 2147483647;
			files = (
				3DB175657B974824E2DB3403 /* JSPowerCore in Frameworks */,
			);
			runOnlyForDeploymentPostprocessing = 0;
		};
		C8DBD2EE0F820A534E29201A /* Frameworks */ = {
			isa = PBXFrameworksBuildPhase;
			buildActionMask = 2147483647;
			files = (
				A8574F72BEFC4441814D18AF /* JSPowerCore in Frameworks */,
			);
			runOnlyForDeploymentPostprocessing = 0;
		};
/* End PBXFrameworksBuildPhase section */

/* Begin PBXGroup section */
		279C3A37A0665242A32BAA8F = {
			isa = PBXGroup;
			children = (
				9AED54C53DA86FA5817C569A /* JSPowerCoreTests */,
				D928A0AF5A951183838BF66D /* JSPowerExtensionSwift */,
				C1FE2715D270DE7F90D3CAA9 /* JSPowerSwift */,
				9588CEAE5B9B0104FF469382 /* Packages */,
				90701F0ED38C364CA34B307F /* Frameworks */,
				73DD92E9E788AF7ABF5F3710 /* Products */,
			);
			sourceTree = "<group>";
		};
		73DD92E9E788AF7ABF5F3710 /* Products */ = {
			isa = PBXGroup;
			children = (
				E0F152DC240F825736AC981A /* JSPower.app */,
				A95D21E88F503B7D6A35E79B /* JSPowerCoreTests.xctest */,
				9F91CEE0595DEC983CA34829 /* JSPowerExtension.appex */,
			);
			name = Products;
			sourceTree = "<group>";
		};
		90701F0ED38C364CA34B307F /* Frameworks */ = {
			isa = PBXGroup;
			children = (
				EC851097FA58433B28DA9FC8 /* XcodeKit.framework */,
			);
			name = Frameworks;
			sourceTree = "<group>";
		};
		9588CEAE5B9B0104FF469382 /* Packages */ = {
			isa = PBXGroup;
			children = (
				73490A084FC7C02AFC6A2B24 /* Core */,
			);
			name = Packages;
			sourceTree = "<group>";
		};
		9AED54C53DA86FA5817C569A /* JSPowerCoreTests */ = {
			isa = PBXGroup;
			children = (
				9CC90758B306BFF133C204F9 /* JSPowerCoreSmokeTests.swift */,
			);
			path = JSPowerCoreTests;
			sourceTree = "<group>";
		};
		C1FE2715D270DE7F90D3CAA9 /* JSPowerSwift */ = {
			isa = PBXGroup;
			children = (
				AB08D621A705D2BFCCE7DB9A /* JSPowerApp.swift */,
				91A54FDE03834ABCAC3E76A2 /* RecipeWorkbench.swift */,
			);
			path = JSPowerSwift;
			sourceTree = "<group>";
		};
		D928A0AF5A951183838BF66D /* JSPowerExtensionSwift */ = {
			isa = PBXGroup;
			children = (
				F0A498F6360ABD8B5E1261FD /* SourceEditorCommand.swift */,
				43B77F15412D086BF70077E0 /* SourceEditorExtension.swift */,
			);
			path = JSPowerExtensionSwift;
			sourceTree = "<group>";
		};
/* End PBXGroup section */

/* Begin PBXNativeTarget section */
		8E369C9EDF16E64C21ECDDBC /* JSPower */ = {
			isa = PBXNativeTarget;
			buildConfigurationList = CF047095FC39777009F367E1 /* Build configuration list for PBXNativeTarget "JSPower" */;
			buildPhases = (
				2C9B40A0744E71183D03EF28 /* Sources */,
				9ED2345BACF5647B49ACC07E /* Frameworks */,
				B02F83B66FD27BCDD721DFD5 /* Embed Foundation Extensions */,
			);
			buildRules = (
			);
			dependencies = (
				C12828DE7F1E0987CB38FE0A /* PBXTargetDependency */,
			);
			name = JSPower;
			packageProductDependencies = (
				3A1B6D9087BD00C46F262C8B /* JSPowerCore */,
			);
			productName = JSPower;
			productReference = E0F152DC240F825736AC981A /* JSPower.app */;
			productType = "com.apple.product-type.application";
		};
		B619C0710B7AECACEE453E2D /* JSPowerCoreTests */ = {
			isa = PBXNativeTarget;
			buildConfigurationList = 3F67D768F472D39919D152CA /* Build configuration list for PBXNativeTarget "JSPowerCoreTests" */;
			buildPhases = (
				F645F368FF6C72CB337021A0 /* Sources */,
				C8DBD2EE0F820A534E29201A /* Frameworks */,
			);
			buildRules = (
			);
			dependencies = (
			);
			name = JSPowerCoreTests;
			packageProductDependencies = (
				9B9936A7A26243F59782E5D4 /* JSPowerCore */,
			);
			productName = JSPowerCoreTests;
			productReference = A95D21E88F503B7D6A35E79B /* JSPowerCoreTests.xctest */;
			productType = "com.apple.product-type.bundle.unit-test";
		};
		E02DD7338AC32245AE39FCF9 /* JSPowerExtension */ = {
			isa = PBXNativeTarget;
			buildConfigurationList = F423A17A36B7F8B5CF1D6B21 /* Build configuration list for PBXNativeTarget "JSPowerExtension" */;
			buildPhases = (
				6B7D7055B75D8129436D321A /* Sources */,
				4C8DA69FEB5147A32511363D /* Frameworks */,
			);
			buildRules = (
			);
			dependencies = (
			);
			name = JSPowerExtension;
			packageProductDependencies = (
				8914ED69AD92A9CD88BDEE4F /* JSPowerCore */,
			);
			productName = JSPowerExtension;
			productReference = 9F91CEE0595DEC983CA34829 /* JSPowerExtension.appex */;
			productType = "com.apple.product-type.app-extension";
		};
/* End PBXNativeTarget section */

/* Begin PBXProject section */
		CF895771B249CF7755888670 /* Project object */ = {
			isa = PBXProject;
			attributes = {
				BuildIndependentTargetsInParallel = YES;
				LastUpgradeCheck = 1430;
				TargetAttributes = {
					8E369C9EDF16E64C21ECDDBC = {
						DevelopmentTeam = YPV49M8592;
					};
					B619C0710B7AECACEE453E2D = {
						DevelopmentTeam = YPV49M8592;
					};
					E02DD7338AC32245AE39FCF9 = {
						DevelopmentTeam = YPV49M8592;
					};
				};
			};
			buildConfigurationList = 2AEC62E7FB8394D2FCD3E625 /* Build configuration list for PBXProject "JSPower" */;
			compatibilityVersion = "Xcode 14.0";
			developmentRegion = en;
			hasScannedForEncodings = 0;
			knownRegions = (
				Base,
				en,
			);
			mainGroup = 279C3A37A0665242A32BAA8F;
			minimizedProjectReferenceProxies = 1;
			packageReferences = (
				65AFA97FB6B930D883A19258 /* XCLocalSwiftPackageReference "Core" */,
			);
			preferredProjectObjectVersion = 77;
			projectDirPath = "";
			projectRoot = "";
			targets = (
				8E369C9EDF16E64C21ECDDBC /* JSPower */,
				B619C0710B7AECACEE453E2D /* JSPowerCoreTests */,
				E02DD7338AC32245AE39FCF9 /* JSPowerExtension */,
			);
		};
/* End PBXProject section */

/* Begin PBXSourcesBuildPhase section */
		2C9B40A0744E71183D03EF28 /* Sources */ = {
			isa = PBXSourcesBuildPhase;
			buildActionMask = 2147483647;
			files = (
				88ECE5134737107CEEA4F351 /* JSPowerApp.swift in Sources */,
				6784DAC70B64AEEACFCEDDE8 /* RecipeWorkbench.swift in Sources */,
			);
			runOnlyForDeploymentPostprocessing = 0;
		};
		6B7D7055B75D8129436D321A /* Sources */ = {
			isa = PBXSourcesBuildPhase;
			buildActionMask = 2147483647;
			files = (
				BAB0A8467FFFC011C2DB6FE1 /* SourceEditorCommand.swift in Sources */,
				36DF2986116EF357ADF0BFB2 /* SourceEditorExtension.swift in Sources */,
			);
			runOnlyForDeploymentPostprocessing = 0;
		};
		F645F368FF6C72CB337021A0 /* Sources */ = {
			isa = PBXSourcesBuildPhase;
			buildActionMask = 2147483647;
			files = (
				FE34F890F8CB646B4A4A88F0 /* JSPowerCoreSmokeTests.swift in Sources */,
			);
			runOnlyForDeploymentPostprocessing = 0;
		};
/* End PBXSourcesBuildPhase section */

/* Begin PBXTargetDependency section */
		C12828DE7F1E0987CB38FE0A /* PBXTargetDependency */ = {
			isa = PBXTargetDependency;
			target = E02DD7338AC32245AE39FCF9 /* JSPowerExtension */;
			targetProxy = 3A240B8745CD342B32C493DF /* PBXContainerItemProxy */;
		};
/* End PBXTargetDependency section */

/* Begin XCBuildConfiguration section */
		100884142C8E5C673C932B2B /* Debug */ = {
			isa = XCBuildConfiguration;
			buildSettings = {
				ALWAYS_SEARCH_USER_PATHS = NO;
				CLANG_ANALYZER_NONNULL = YES;
				CLANG_ANALYZER_NUMBER_OBJECT_CONVERSION = YES_AGGRESSIVE;
				CLANG_CXX_LANGUAGE_STANDARD = "gnu++14";
				CLANG_CXX_LIBRARY = "libc++";
				CLANG_ENABLE_MODULES = YES;
				CLANG_ENABLE_OBJC_ARC = YES;
				CLANG_ENABLE_OBJC_WEAK = YES;
				CLANG_WARN_BLOCK_CAPTURE_AUTORELEASING = YES;
				CLANG_WARN_BOOL_CONVERSION = YES;
				CLANG_WARN_COMMA = YES;
				CLANG_WARN_CONSTANT_CONVERSION = YES;
				CLANG_WARN_DEPRECATED_OBJC_IMPLEMENTATIONS = YES;
				CLANG_WARN_DIRECT_OBJC_ISA_USAGE = YES_ERROR;
				CLANG_WARN_DOCUMENTATION_COMMENTS = YES;
				CLANG_WARN_EMPTY_BODY = YES;
				CLANG_WARN_ENUM_CONVERSION = YES;
				CLANG_WARN_INFINITE_RECURSION = YES;
				CLANG_WARN_INT_CONVERSION = YES;
				CLANG_WARN_NON_LITERAL_NULL_CONVERSION = YES;
				CLANG_WARN_OBJC_IMPLICIT_RETAIN_SELF = YES;
				CLANG_WARN_OBJC_LITERAL_CONVERSION = YES;
				CLANG_WARN_OBJC_ROOT_CLASS = YES_ERROR;
				CLANG_WARN_QUOTED_INCLUDE_IN_FRAMEWORK_HEADER = YES;
				CLANG_WARN_RANGE_LOOP_ANALYSIS = YES;
				CLANG_WARN_STRICT_PROTOTYPES = YES;
				CLANG_WARN_SUSPICIOUS_MOVE = YES;
				CLANG_WARN_UNGUARDED_AVAILABILITY = YES_AGGRESSIVE;
				CLANG_WARN_UNREACHABLE_CODE = YES;
				CLANG_WARN__DUPLICATE_METHOD_MATCH = YES;
				COPY_PHASE_STRIP = NO;
				CURRENT_PROJECT_VERSION = 2;
				DEBUG_INFORMATION_FORMAT = dwarf;
				DEVELOPMENT_TEAM = YPV49M8592;
				ENABLE_STRICT_OBJC_MSGSEND = YES;
				ENABLE_TESTABILITY = YES;
				GCC_C_LANGUAGE_STANDARD = gnu11;
				GCC_DYNAMIC_NO_PIC = NO;
				GCC_NO_COMMON_BLOCKS = YES;
				GCC_OPTIMIZATION_LEVEL = 0;
				GCC_PREPROCESSOR_DEFINITIONS = (
					"$(inherited)",
					"DEBUG=1",
				);
				GCC_WARN_64_TO_32_BIT_CONVERSION = YES;
				GCC_WARN_ABOUT_RETURN_TYPE = YES_ERROR;
				GCC_WARN_UNDECLARED_SELECTOR = YES;
				GCC_WARN_UNINITIALIZED_AUTOS = YES_AGGRESSIVE;
				GCC_WARN_UNUSED_FUNCTION = YES;
				GCC_WARN_UNUSED_VARIABLE = YES;
				MACOSX_DEPLOYMENT_TARGET = 14.0;
				MARKETING_VERSION = 2.0;
				MTL_ENABLE_DEBUG_INFO = INCLUDE_SOURCE;
				MTL_FAST_MATH = YES;
				ONLY_ACTIVE_ARCH = YES;
				PRODUCT_NAME = "$(TARGET_NAME)";
				SDKROOT = macosx;
				SWIFT_ACTIVE_COMPILATION_CONDITIONS = DEBUG;
				SWIFT_OPTIMIZATION_LEVEL = "-Onone";
				SWIFT_VERSION = 5.0;
			};
			name = Debug;
		};
		11F94A2E55B9061BF4A378FA /* Release */ = {
			isa = XCBuildConfiguration;
			buildSettings = {
				BUNDLE_LOADER = "$(TEST_HOST)";
				COMBINE_HIDPI_IMAGES = YES;
				LD_RUNPATH_SEARCH_PATHS = (
					"$(inherited)",
					"@executable_path/../Frameworks",
					"@loader_path/../Frameworks",
				);
				PRODUCT_BUNDLE_IDENTIFIER = com.everettjf.JSPowerCoreTests;
				SDKROOT = macosx;
			};
			name = Release;
		};
		375E0CEFA869D5E8721847BE /* Debug */ = {
			isa = XCBuildConfiguration;
			buildSettings = {
				APPLICATION_EXTENSION_API_ONLY = YES;
				CODE_SIGN_ENTITLEMENTS = JSPowerExtension/JSPowerExtension.entitlements;
				COMBINE_HIDPI_IMAGES = YES;
				FRAMEWORK_SEARCH_PATHS = (
					"$(inherited)",
					"\"$(DEVELOPER_DIR)/Library/Frameworks\"",
				);
				INFOPLIST_FILE = JSPowerExtension/Info.plist;
				LD_RUNPATH_SEARCH_PATHS = (
					"$(inherited)",
					"@executable_path/../Frameworks",
					"@executable_path/../../../../Frameworks",
				);
				PRODUCT_BUNDLE_IDENTIFIER = com.everettjf.qvcodefriend.extension;
				PRODUCT_MODULE_NAME = JSPowerExtension;
				PRODUCT_NAME = JSPower;
				SDKROOT = macosx;
			};
			name = Debug;
		};
		71A0674A08A158FAB366E17F /* Debug */ = {
			isa = XCBuildConfiguration;
			buildSettings = {
				ASSETCATALOG_COMPILER_APPICON_NAME = AppIcon;
				CODE_SIGN_ENTITLEMENTS = JSPower/JSPower.entitlements;
				COMBINE_HIDPI_IMAGES = YES;
				ENABLE_HARDENED_RUNTIME = YES;
				INFOPLIST_FILE = JSPower/Info.plist;
				LD_RUNPATH_SEARCH_PATHS = (
					"$(inherited)",
					"@executable_path/../Frameworks",
				);
				PRODUCT_BUNDLE_IDENTIFIER = com.everettjf.qvcodefriend;
				SDKROOT = macosx;
			};
			name = Debug;
		};
		7F66C2001587BF6BC86F71EA /* Release */ = {
			isa = XCBuildConfiguration;
			buildSettings = {
				ALWAYS_SEARCH_USER_PATHS = NO;
				CLANG_ANALYZER_NONNULL = YES;
				CLANG_ANALYZER_NUMBER_OBJECT_CONVERSION = YES_AGGRESSIVE;
				CLANG_CXX_LANGUAGE_STANDARD = "gnu++14";
				CLANG_CXX_LIBRARY = "libc++";
				CLANG_ENABLE_MODULES = YES;
				CLANG_ENABLE_OBJC_ARC = YES;
				CLANG_ENABLE_OBJC_WEAK = YES;
				CLANG_WARN_BLOCK_CAPTURE_AUTORELEASING = YES;
				CLANG_WARN_BOOL_CONVERSION = YES;
				CLANG_WARN_COMMA = YES;
				CLANG_WARN_CONSTANT_CONVERSION = YES;
				CLANG_WARN_DEPRECATED_OBJC_IMPLEMENTATIONS = YES;
				CLANG_WARN_DIRECT_OBJC_ISA_USAGE = YES_ERROR;
				CLANG_WARN_DOCUMENTATION_COMMENTS = YES;
				CLANG_WARN_EMPTY_BODY = YES;
				CLANG_WARN_ENUM_CONVERSION = YES;
				CLANG_WARN_INFINITE_RECURSION = YES;
				CLANG_WARN_INT_CONVERSION = YES;
				CLANG_WARN_NON_LITERAL_NULL_CONVERSION = YES;
				CLANG_WARN_OBJC_IMPLICIT_RETAIN_SELF = YES;
				CLANG_WARN_OBJC_LITERAL_CONVERSION = YES;
				CLANG_WARN_OBJC_ROOT_CLASS = YES_ERROR;
				CLANG_WARN_QUOTED_INCLUDE_IN_FRAMEWORK_HEADER = YES;
				CLANG_WARN_RANGE_LOOP_ANALYSIS = YES;
				CLANG_WARN_STRICT_PROTOTYPES = YES;
				CLANG_WARN_SUSPICIOUS_MOVE = YES;
				CLANG_WARN_UNGUARDED_AVAILABILITY = YES_AGGRESSIVE;
				CLANG_WARN_UNREACHABLE_CODE = YES;
				CLANG_WARN__DUPLICATE_METHOD_MATCH = YES;
				COPY_PHASE_STRIP = NO;
				CURRENT_PROJECT_VERSION = 2;
				DEBUG_INFORMATION_FORMAT = "dwarf-with-dsym";
				DEVELOPMENT_TEAM = YPV49M8592;
				ENABLE_NS_ASSERTIONS = NO;
				ENABLE_STRICT_OBJC_MSGSEND = YES;
				GCC_C_LANGUAGE_STANDARD = gnu11;
				GCC_NO_COMMON_BLOCKS = YES;
				GCC_WARN_64_TO_32_BIT_CONVERSION = YES;
				GCC_WARN_ABOUT_RETURN_TYPE = YES_ERROR;
				GCC_WARN_UNDECLARED_SELECTOR = YES;
				GCC_WARN_UNINITIALIZED_AUTOS = YES_AGGRESSIVE;
				GCC_WARN_UNUSED_FUNCTION = YES;
				GCC_WARN_UNUSED_VARIABLE = YES;
				MACOSX_DEPLOYMENT_TARGET = 14.0;
				MARKETING_VERSION = 2.0;
				MTL_ENABLE_DEBUG_INFO = NO;
				MTL_FAST_MATH = YES;
				PRODUCT_NAME = "$(TARGET_NAME)";
				SDKROOT = macosx;
				SWIFT_COMPILATION_MODE = wholemodule;
				SWIFT_OPTIMIZATION_LEVEL = "-O";
				SWIFT_VERSION = 5.0;
			};
			name = Release;
		};
		874AE0C7BD148E581C9B268C /* Debug */ = {
			isa = XCBuildConfiguration;
			buildSettings = {
				BUNDLE_LOADER = "$(TEST_HOST)";
				COMBINE_HIDPI_IMAGES = YES;
				LD_RUNPATH_SEARCH_PATHS = (
					"$(inherited)",
					"@executable_path/../Frameworks",
					"@loader_path/../Frameworks",
				);
				PRODUCT_BUNDLE_IDENTIFIER = com.everettjf.JSPowerCoreTests;
				SDKROOT = macosx;
			};
			name = Debug;
		};
		960DC53E7AEF1D263F43624C /* Release */ = {
			isa = XCBuildConfiguration;
			buildSettings = {
				APPLICATION_EXTENSION_API_ONLY = YES;
				CODE_SIGN_ENTITLEMENTS = JSPowerExtension/JSPowerExtension.entitlements;
				COMBINE_HIDPI_IMAGES = YES;
				FRAMEWORK_SEARCH_PATHS = (
					"$(inherited)",
					"\"$(DEVELOPER_DIR)/Library/Frameworks\"",
				);
				INFOPLIST_FILE = JSPowerExtension/Info.plist;
				LD_RUNPATH_SEARCH_PATHS = (
					"$(inherited)",
					"@executable_path/../Frameworks",
					"@executable_path/../../../../Frameworks",
				);
				PRODUCT_BUNDLE_IDENTIFIER = com.everettjf.qvcodefriend.extension;
				PRODUCT_MODULE_NAME = JSPowerExtension;
				PRODUCT_NAME = JSPower;
				SDKROOT = macosx;
			};
			name = Release;
		};
		F509F09DEDD2FE3361CF565D /* Release */ = {
			isa = XCBuildConfiguration;
			buildSettings = {
				ASSETCATALOG_COMPILER_APPICON_NAME = AppIcon;
				CODE_SIGN_ENTITLEMENTS = JSPower/JSPower.entitlements;
				COMBINE_HIDPI_IMAGES = YES;
				ENABLE_HARDENED_RUNTIME = YES;
				INFOPLIST_FILE = JSPower/Info.plist;
				LD_RUNPATH_SEARCH_PATHS = (
					"$(inherited)",
					"@executable_path/../Frameworks",
				);
				PRODUCT_BUNDLE_IDENTIFIER = com.everettjf.qvcodefriend;
				SDKROOT = macosx;
			};
			name = Release;
		};
/* End XCBuildConfiguration section */

/* Begin XCConfigurationList section */
		2AEC62E7FB8394D2FCD3E625 /* Build configuration list for PBXProject "JSPower" */ = {
			isa = XCConfigurationList;
			buildConfigurations = (
				100884142C8E5C673C932B2B /* Debug */,
				7F66C2001587BF6BC86F71EA /* Release */,
			);
			defaultConfigurationIsVisible = 0;
			defaultConfigurationName = Debug;
		};
		3F67D768F472D39919D152CA /* Build configuration list for PBXNativeTarget "JSPowerCoreTests" */ = {
			isa = XCConfigurationList;
			buildConfigurations = (
				874AE0C7BD148E581C9B268C /* Debug */,
				11F94A2E55B9061BF4A378FA /* Release */,
			);
			defaultConfigurationIsVisible = 0;
			defaultConfigurationName = Debug;
		};
		CF047095FC39777009F367E1 /* Build configuration list for PBXNativeTarget "JSPower" */ = {
			isa = XCConfigurationList;
			buildConfigurations = (
				71A0674A08A158FAB366E17F /* Debug */,
				F509F09DEDD2FE3361CF565D /* Release */,
			);
			defaultConfigurationIsVisible = 0;
			defaultConfigurationName = Debug;
		};
		F423A17A36B7F8B5CF1D6B21 /* Build configuration list for PBXNativeTarget "JSPowerExtension" */ = {
			isa = XCConfigurationList;
			buildConfigurations = (
				375E0CEFA869D5E8721847BE /* Debug */,
				960DC53E7AEF1D263F43624C /* Release */,
			);
			defaultConfigurationIsVisible = 0;
			defaultConfigurationName = Debug;
		};
/* End XCConfigurationList section */

/* Begin XCLocalSwiftPackageReference section */
		65AFA97FB6B930D883A19258 /* XCLocalSwiftPackageReference "Core" */ = {
			isa = XCLocalSwiftPackageReference;
			relativePath = Core;
		};
/* End XCLocalSwiftPackageReference section */

/* Begin XCSwiftPackageProductDependency section */
		3A1B6D9087BD00C46F262C8B /* JSPowerCore */ = {
			isa = XCSwiftPackageProductDependency;
			productName = JSPowerCore;
		};
		8914ED69AD92A9CD88BDEE4F /* JSPowerCore */ = {
			isa = XCSwiftPackageProductDependency;
			productName = JSPowerCore;
		};
		9B9936A7A26243F59782E5D4 /* JSPowerCore */ = {
			isa = XCSwiftPackageProductDependency;
			productName = JSPowerCore;
		};
/* End XCSwiftPackageProductDependency section */
	};
	rootObject = CF895771B249CF7755888670 /* Project object */;
}
